// !$*UTF8*$!
{
	archiveVersion = 1;
	classes = {
	};
	objectVersion = 50;
	objects = {

/* Begin PBXBuildFile section */
		043FBEBE216ED5CE0098878D /* AppDelegate.swift in Sources */ = {isa = PBXBuildFile; fileRef = 043FBEBD216ED5CE0098878D /* AppDelegate.swift */; };
		043FBEC5216ED5D00098878D /* Assets.xcassets in Resources */ = {isa = PBXBuildFile; fileRef = 043FBEC4216ED5D00098878D /* Assets.xcassets */; };
		043FBEC8216ED5D00098878D /* LaunchScreen.storyboard in Resources */ = {isa = PBXBuildFile; fileRef = 043FBEC6216ED5D00098878D /* LaunchScreen.storyboard */; };
		043FBEEB216ED7390098878D /* rswift in Resources */ = {isa = PBXBuildFile; fileRef = 043FBEEA216ED7390098878D /* rswift */; };
		043FBEF7216ED8D50098878D /* Moya.framework in Frameworks */ = {isa = PBXBuildFile; fileRef = 043FBEEF216ED8D50098878D /* Moya.framework */; };
		043FBEF8216ED8D50098878D /* RxSwift.framework in Frameworks */ = {isa = PBXBuildFile; fileRef = 043FBEF0216ED8D50098878D /* RxSwift.framework */; };
		043FBEF9216ED8D50098878D /* AlamofireImage.framework in Frameworks */ = {isa = PBXBuildFile; fileRef = 043FBEF1216ED8D50098878D /* AlamofireImage.framework */; };
		043FBEFA216ED8D50098878D /* RxMoya.framework in Frameworks */ = {isa = PBXBuildFile; fileRef = 043FBEF2216ED8D50098878D /* RxMoya.framework */; };
		043FBEFB216ED8D50098878D /* RxCocoa.framework in Frameworks */ = {isa = PBXBuildFile; fileRef = 043FBEF3216ED8D50098878D /* RxCocoa.framework */; };
		043FBEFC216ED8D50098878D /* Alamofire.framework in Frameworks */ = {isa = PBXBuildFile; fileRef = 043FBEF4216ED8D50098878D /* Alamofire.framework */; };
		043FBEFD216ED8D50098878D /* Result.framework in Frameworks */ = {isa = PBXBuildFile; fileRef = 043FBEF5216ED8D50098878D /* Result.framework */; };
		043FBEFE216ED8D50098878D /* Rswift.framework in Frameworks */ = {isa = PBXBuildFile; fileRef = 043FBEF6216ED8D50098878D /* Rswift.framework */; };
		043FBF02216EE9600098878D /* MainNavigation.storyboard in Resources */ = {isa = PBXBuildFile; fileRef = 043FBF01216EE9600098878D /* MainNavigation.storyboard */; };
		043FBF04216EE9BD0098878D /* MainNavigationController.swift in Sources */ = {isa = PBXBuildFile; fileRef = 043FBF03216EE9BD0098878D /* MainNavigationController.swift */; };
		043FBF09216EEBAC0098878D /* GitHubRepository.storyboard in Resources */ = {isa = PBXBuildFile; fileRef = 043FBF08216EEBAC0098878D /* GitHubRepository.storyboard */; };
		043FBF0C216F0B770098878D /* APIClientManager.swift in Sources */ = {isa = PBXBuildFile; fileRef = 043FBF0B216F0B770098878D /* APIClientManager.swift */; };
		043FBF0E216F0C0E0098878D /* GitHubSearchResult.swift in Sources */ = {isa = PBXBuildFile; fileRef = 043FBF0D216F0C0E0098878D /* GitHubSearchResult.swift */; };
		043FBF13216F0DA40098878D /* GitHubSearchItem.swift in Sources */ = {isa = PBXBuildFile; fileRef = 043FBF12216F0DA40098878D /* GitHubSearchItem.swift */; };
		043FBF15216F0DCF0098878D /* GitHubSearchItemOwner.swift in Sources */ = {isa = PBXBuildFile; fileRef = 043FBF14216F0DCF0098878D /* GitHubSearchItemOwner.swift */; };
		043FBF1A216F0FB90098878D /* GitHubSearchRepository.swift in Sources */ = {isa = PBXBuildFile; fileRef = 043FBF19216F0FB90098878D /* GitHubSearchRepository.swift */; };
		043FBF22216F13750098878D /* GitHubSearchParameter.swift in Sources */ = {isa = PBXBuildFile; fileRef = 043FBF21216F13750098878D /* GitHubSearchParameter.swift */; };
		043FBF25216F1FA60098878D /* GitHubAPIEndpoints.swift in Sources */ = {isa = PBXBuildFile; fileRef = 043FBF24216F1FA60098878D /* GitHubAPIEndpoints.swift */; };
		043FBF2F216F291F0098878D /* GitHubSearchRepositorySpec.swift in Sources */ = {isa = PBXBuildFile; fileRef = 043FBF2E216F291F0098878D /* GitHubSearchRepositorySpec.swift */; };
		043FBF32216F29CF0098878D /* Nimble.framework in Frameworks */ = {isa = PBXBuildFile; fileRef = 043FBF30216F29CF0098878D /* Nimble.framework */; };
		043FBF33216F29CF0098878D /* Quick.framework in Frameworks */ = {isa = PBXBuildFile; fileRef = 043FBF31216F29CF0098878D /* Quick.framework */; };
		0487A2D721756C3B004F2FEB /* debug.plist in Resources */ = {isa = PBXBuildFile; fileRef = 0487A2D621756C3B004F2FEB /* debug.plist */; };
		0487A2D921756CBE004F2FEB /* Configuration.swift in Sources */ = {isa = PBXBuildFile; fileRef = 0487A2D821756CBE004F2FEB /* Configuration.swift */; };
		048DE6CA21702D61009F0CB7 /* Encodable+.swift in Sources */ = {isa = PBXBuildFile; fileRef = 048DE6C921702D61009F0CB7 /* Encodable+.swift */; };
		048DE6CE21702E89009F0CB7 /* GitHubSearchUseCase.swift in Sources */ = {isa = PBXBuildFile; fileRef = 048DE6CD21702E89009F0CB7 /* GitHubSearchUseCase.swift */; };
		048DE6D021703863009F0CB7 /* ViewModelProtocol.swift in Sources */ = {isa = PBXBuildFile; fileRef = 048DE6CF21703863009F0CB7 /* ViewModelProtocol.swift */; };
		048DE6D421704117009F0CB7 /* GitHubRepositoriesViewController.swift in Sources */ = {isa = PBXBuildFile; fileRef = 048DE6D321704117009F0CB7 /* GitHubRepositoriesViewController.swift */; };
		048DE6D621704200009F0CB7 /* R.generated.swift in Sources */ = {isa = PBXBuildFile; fileRef = 048DE6D521704200009F0CB7 /* R.generated.swift */; };
		048DE6D921704493009F0CB7 /* GitHubSearchRepositoriesViewModel.swift in Sources */ = {isa = PBXBuildFile; fileRef = 048DE6D821704493009F0CB7 /* GitHubSearchRepositoriesViewModel.swift */; };
		048DE6DB21706401009F0CB7 /* MainTabBarController.swift in Sources */ = {isa = PBXBuildFile; fileRef = 048DE6DA21706401009F0CB7 /* MainTabBarController.swift */; };
		048DE6DD21706434009F0CB7 /* MainTabBar.storyboard in Resources */ = {isa = PBXBuildFile; fileRef = 048DE6DC21706434009F0CB7 /* MainTabBar.storyboard */; };
		048DE6E021706D48009F0CB7 /* RxDataSources.framework in Frameworks */ = {isa = PBXBuildFile; fileRef = 048DE6DF21706D48009F0CB7 /* RxDataSources.framework */; };
		04B35AF321740B9900928918 /* Differentiator.framework in Frameworks */ = {isa = PBXBuildFile; fileRef = 04B35AF221740B9800928918 /* Differentiator.framework */; };
		04D9C3A02174168B002E7CA6 /* GitHubRepositoryItemCell.swift in Sources */ = {isa = PBXBuildFile; fileRef = 04D9C39F2174168B002E7CA6 /* GitHubRepositoryItemCell.swift */; };
		04D9C3A2217416BF002E7CA6 /* GitHubRepositoryItemCell.xib in Resources */ = {isa = PBXBuildFile; fileRef = 04D9C3A1217416BF002E7CA6 /* GitHubRepositoryItemCell.xib */; };
		04D9C3A52174191B002E7CA6 /* GitHubRepositoriesSectionModel.swift in Sources */ = {isa = PBXBuildFile; fileRef = 04D9C3A42174191B002E7CA6 /* GitHubRepositoriesSectionModel.swift */; };
		04D9C3A7217458E0002E7CA6 /* UIImageView+.swift in Sources */ = {isa = PBXBuildFile; fileRef = 04D9C3A6217458E0002E7CA6 /* UIImageView+.swift */; };
		04D9C3AB2174650A002E7CA6 /* Int+.swift in Sources */ = {isa = PBXBuildFile; fileRef = 04D9C3AA2174650A002E7CA6 /* Int+.swift */; };
		04D9C3AD21746E84002E7CA6 /* Date+.swift in Sources */ = {isa = PBXBuildFile; fileRef = 04D9C3AC21746E84002E7CA6 /* Date+.swift */; };
		04D9C3AF217485A7002E7CA6 /* LoadingCell.xib in Resources */ = {isa = PBXBuildFile; fileRef = 04D9C3AE217485A7002E7CA6 /* LoadingCell.xib */; };
		04D9C3B1217485AF002E7CA6 /* LoadingCell.swift in Sources */ = {isa = PBXBuildFile; fileRef = 04D9C3B0217485AF002E7CA6 /* LoadingCell.swift */; };
/* End PBXBuildFile section */

/* Begin PBXContainerItemProxy section */
		043FBECF216ED5D00098878D /* PBXContainerItemProxy */ = {
			isa = PBXContainerItemProxy;
			containerPortal = 043FBEB2216ED5CE0098878D /* Project object */;
			proxyType = 1;
			remoteGlobalIDString = 043FBEB9216ED5CE0098878D;
			remoteInfo = RxExample;
		};
/* End PBXContainerItemProxy section */

/* Begin PBXFileReference section */
		043FBEBA216ED5CE0098878D /* RxExample.app */ = {isa = PBXFileReference; explicitFileType = wrapper.application; includeInIndex = 0; path = RxExample.app; sourceTree = BUILT_PRODUCTS_DIR; };
		043FBEBD216ED5CE0098878D /* AppDelegate.swift */ = {isa = PBXFileReference; lastKnownFileType = sourcecode.swift; path = AppDelegate.swift; sourceTree = "<group>"; };
		043FBEC4216ED5D00098878D /* Assets.xcassets */ = {isa = PBXFileReference; lastKnownFileType = folder.assetcatalog; path = Assets.xcassets; sourceTree = "<group>"; };
		043FBEC7216ED5D00098878D /* Base */ = {isa = PBXFileReference; lastKnownFileType = file.storyboard; name = Base; path = Base.lproj/LaunchScreen.storyboard; sourceTree = "<group>"; };
		043FBEC9216ED5D00098878D /* Info.plist */ = {isa = PBXFileReference; lastKnownFileType = text.plist.xml; path = Info.plist; sourceTree = "<group>"; };
		043FBECE216ED5D00098878D /* RxExampleTests.xctest */ = {isa = PBXFileReference; explicitFileType = wrapper.cfbundle; includeInIndex = 0; path = RxExampleTests.xctest; sourceTree = BUILT_PRODUCTS_DIR; };
		043FBED4216ED5D00098878D /* Info.plist */ = {isa = PBXFileReference; lastKnownFileType = text.plist.xml; path = Info.plist; sourceTree = "<group>"; };
		043FBEEA216ED7390098878D /* rswift */ = {isa = PBXFileReference; lastKnownFileType = "compiled.mach-o.executable"; path = rswift; sourceTree = "<group>"; };
		043FBEEF216ED8D50098878D /* Moya.framework */ = {isa = PBXFileReference; lastKnownFileType = wrapper.framework; name = Moya.framework; path = Carthage/Build/iOS/Moya.framework; sourceTree = "<group>"; };
		043FBEF0216ED8D50098878D /* RxSwift.framework */ = {isa = PBXFileReference; lastKnownFileType = wrapper.framework; name = RxSwift.framework; path = Carthage/Build/iOS/RxSwift.framework; sourceTree = "<group>"; };
		043FBEF1216ED8D50098878D /* AlamofireImage.framework */ = {isa = PBXFileReference; lastKnownFileType = wrapper.framework; name = AlamofireImage.framework; path = Carthage/Build/iOS/AlamofireImage.framework; sourceTree = "<group>"; };
		043FBEF2216ED8D50098878D /* RxMoya.framework */ = {isa = PBXFileReference; lastKnownFileType = wrapper.framework; name = RxMoya.framework; path = Carthage/Build/iOS/RxMoya.framework; sourceTree = "<group>"; };
		043FBEF3216ED8D50098878D /* RxCocoa.framework */ = {isa = PBXFileReference; lastKnownFileType = wrapper.framework; name = RxCocoa.framework; path = Carthage/Build/iOS/RxCocoa.framework; sourceTree = "<group>"; };
		043FBEF4216ED8D50098878D /* Alamofire.framework */ = {isa = PBXFileReference; lastKnownFileType = wrapper.framework; name = Alamofire.framework; path = Carthage/Build/iOS/Alamofire.framework; sourceTree = "<group>"; };
		043FBEF5216ED8D50098878D /* Result.framework */ = {isa = PBXFileReference; lastKnownFileType = wrapper.framework; name = Result.framework; path = Carthage/Build/iOS/Result.framework; sourceTree = "<group>"; };
		043FBEF6216ED8D50098878D /* Rswift.framework */ = {isa = PBXFileReference; lastKnownFileType = wrapper.framework; name = Rswift.framework; path = Carthage/Build/iOS/Rswift.framework; sourceTree = "<group>"; };
		043FBF01216EE9600098878D /* MainNavigation.storyboard */ = {isa = PBXFileReference; lastKnownFileType = file.storyboard; path = MainNavigation.storyboard; sourceTree = "<group>"; };
		043FBF03216EE9BD0098878D /* MainNavigationController.swift */ = {isa = PBXFileReference; lastKnownFileType = sourcecode.swift; path = MainNavigationController.swift; sourceTree = "<group>"; };
		043FBF08216EEBAC0098878D /* GitHubRepository.storyboard */ = {isa = PBXFileReference; lastKnownFileType = file.storyboard; path = GitHubRepository.storyboard; sourceTree = "<group>"; };
		043FBF0B216F0B770098878D /* APIClientManager.swift */ = {isa = PBXFileReference; lastKnownFileType = sourcecode.swift; path = APIClientManager.swift; sourceTree = "<group>"; };
		043FBF0D216F0C0E0098878D /* GitHubSearchResult.swift */ = {isa = PBXFileReference; lastKnownFileType = sourcecode.swift; path = GitHubSearchResult.swift; sourceTree = "<group>"; };
		043FBF12216F0DA40098878D /* GitHubSearchItem.swift */ = {isa = PBXFileReference; lastKnownFileType = sourcecode.swift; path = GitHubSearchItem.swift; sourceTree = "<group>"; };
		043FBF14216F0DCF0098878D /* GitHubSearchItemOwner.swift */ = {isa = PBXFileReference; lastKnownFileType = sourcecode.swift; path = GitHubSearchItemOwner.swift; sourceTree = "<group>"; };
		043FBF19216F0FB90098878D /* GitHubSearchRepository.swift */ = {isa = PBXFileReference; lastKnownFileType = sourcecode.swift; path = GitHubSearchRepository.swift; sourceTree = "<group>"; };
		043FBF21216F13750098878D /* GitHubSearchParameter.swift */ = {isa = PBXFileReference; lastKnownFileType = sourcecode.swift; path = GitHubSearchParameter.swift; sourceTree = "<group>"; };
		043FBF24216F1FA60098878D /* GitHubAPIEndpoints.swift */ = {isa = PBXFileReference; lastKnownFileType = sourcecode.swift; path = GitHubAPIEndpoints.swift; sourceTree = "<group>"; };
		043FBF2E216F291F0098878D /* GitHubSearchRepositorySpec.swift */ = {isa = PBXFileReference; lastKnownFileType = sourcecode.swift; path = GitHubSearchRepositorySpec.swift; sourceTree = "<group>"; };
		043FBF30216F29CF0098878D /* Nimble.framework */ = {isa = PBXFileReference; lastKnownFileType = wrapper.framework; name = Nimble.framework; path = Carthage/Build/iOS/Nimble.framework; sourceTree = "<group>"; };
		043FBF31216F29CF0098878D /* Quick.framework */ = {isa = PBXFileReference; lastKnownFileType = wrapper.framework; name = Quick.framework; path = Carthage/Build/iOS/Quick.framework; sourceTree = "<group>"; };
		0487A2D621756C3B004F2FEB /* debug.plist */ = {isa = PBXFileReference; lastKnownFileType = text.plist.xml; path = debug.plist; sourceTree = "<group>"; };
		0487A2D821756CBE004F2FEB /* Configuration.swift */ = {isa = PBXFileReference; lastKnownFileType = sourcecode.swift; path = Configuration.swift; sourceTree = "<group>"; };
		048DE6C921702D61009F0CB7 /* Encodable+.swift */ = {isa = PBXFileReference; lastKnownFileType = sourcecode.swift; path = "Encodable+.swift"; sourceTree = "<group>"; };
		048DE6CD21702E89009F0CB7 /* GitHubSearchUseCase.swift */ = {isa = PBXFileReference; lastKnownFileType = sourcecode.swift; path = GitHubSearchUseCase.swift; sourceTree = "<group>"; };
		048DE6CF21703863009F0CB7 /* ViewModelProtocol.swift */ = {isa = PBXFileReference; lastKnownFileType = sourcecode.swift; path = ViewModelProtocol.swift; sourceTree = "<group>"; };
		048DE6D321704117009F0CB7 /* GitHubRepositoriesViewController.swift */ = {isa = PBXFileReference; lastKnownFileType = sourcecode.swift; path = GitHubRepositoriesViewController.swift; sourceTree = "<group>"; };
		048DE6D521704200009F0CB7 /* R.generated.swift */ = {isa = PBXFileReference; fileEncoding = 4; lastKnownFileType = sourcecode.swift; path = R.generated.swift; sourceTree = SOURCE_ROOT; };
		048DE6D821704493009F0CB7 /* GitHubSearchRepositoriesViewModel.swift */ = {isa = PBXFileReference; lastKnownFileType = sourcecode.swift; path = GitHubSearchRepositoriesViewModel.swift; sourceTree = "<group>"; };
		048DE6DA21706401009F0CB7 /* MainTabBarController.swift */ = {isa = PBXFileReference; lastKnownFileType = sourcecode.swift; path = MainTabBarController.swift; sourceTree = "<group>"; };
		048DE6DC21706434009F0CB7 /* MainTabBar.storyboard */ = {isa = PBXFileReference; lastKnownFileType = file.storyboard; path = MainTabBar.storyboard; sourceTree = "<group>"; };
		048DE6DF21706D48009F0CB7 /* RxDataSources.framework */ = {isa = PBXFileReference; lastKnownFileType = wrapper.framework; name = RxDataSources.framework; path = Carthage/Build/iOS/RxDataSources.framework; sourceTree = "<group>"; };
		04B35AF221740B9800928918 /* Differentiator.framework */ = {isa = PBXFileReference; lastKnownFileType = wrapper.framework; name = Differentiator.framework; path = Carthage/Build/iOS/Differentiator.framework; sourceTree = "<group>"; };
		04D9C39F2174168B002E7CA6 /* GitHubRepositoryItemCell.swift */ = {isa = PBXFileReference; lastKnownFileType = sourcecode.swift; path = GitHubRepositoryItemCell.swift; sourceTree = "<group>"; };
		04D9C3A1217416BF002E7CA6 /* GitHubRepositoryItemCell.xib */ = {isa = PBXFileReference; lastKnownFileType = file.xib; path = GitHubRepositoryItemCell.xib; sourceTree = "<group>"; };
		04D9C3A42174191B002E7CA6 /* GitHubRepositoriesSectionModel.swift */ = {isa = PBXFileReference; lastKnownFileType = sourcecode.swift; path = GitHubRepositoriesSectionModel.swift; sourceTree = "<group>"; };
		04D9C3A6217458E0002E7CA6 /* UIImageView+.swift */ = {isa = PBXFileReference; lastKnownFileType = sourcecode.swift; path = "UIImageView+.swift"; sourceTree = "<group>"; };
		04D9C3AA2174650A002E7CA6 /* Int+.swift */ = {isa = PBXFileReference; lastKnownFileType = sourcecode.swift; path = "Int+.swift"; sourceTree = "<group>"; };
		04D9C3AC21746E84002E7CA6 /* Date+.swift */ = {isa = PBXFileReference; lastKnownFileType = sourcecode.swift; path = "Date+.swift"; sourceTree = "<group>"; };
		04D9C3AE217485A7002E7CA6 /* LoadingCell.xib */ = {isa = PBXFileReference; lastKnownFileType = file.xib; path = LoadingCell.xib; sourceTree = "<group>"; };
		04D9C3B0217485AF002E7CA6 /* LoadingCell.swift */ = {isa = PBXFileReference; lastKnownFileType = sourcecode.swift; path = LoadingCell.swift; sourceTree = "<group>"; };
/* End PBXFileReference section */

/* Begin PBXFrameworksBuildPhase section */
		043FBEB7216ED5CE0098878D /* Frameworks */ = {
			isa = PBXFrameworksBuildPhase;
			buildActionMask = 2147483647;
			files = (
				04B35AF321740B9900928918 /* Differentiator.framework in Frameworks */,
				048DE6E021706D48009F0CB7 /* RxDataSources.framework in Frameworks */,
				043FBEF7216ED8D50098878D /* Moya.framework in Frameworks */,
				043FBEF8216ED8D50098878D /* RxSwift.framework in Frameworks */,
				043FBEF9216ED8D50098878D /* AlamofireImage.framework in Frameworks */,
				043FBEFA216ED8D50098878D /* RxMoya.framework in Frameworks */,
				043FBEFB216ED8D50098878D /* RxCocoa.framework in Frameworks */,
				043FBEFC216ED8D50098878D /* Alamofire.framework in Frameworks */,
				043FBEFD216ED8D50098878D /* Result.framework in Frameworks */,
				043FBEFE216ED8D50098878D /* Rswift.framework in Frameworks */,
			);
			runOnlyForDeploymentPostprocessing = 0;
		};
		043FBECB216ED5D00098878D /* Frameworks */ = {
			isa = PBXFrameworksBuildPhase;
			buildActionMask = 2147483647;
			files = (
				043FBF32216F29CF0098878D /* Nimble.framework in Frameworks */,
				043FBF33216F29CF0098878D /* Quick.framework in Frameworks */,
			);
			runOnlyForDeploymentPostprocessing = 0;
		};
/* End PBXFrameworksBuildPhase section */

/* Begin PBXGroup section */
		043FBEB1216ED5CE0098878D = {
			isa = PBXGroup;
			children = (
				043FBEBC216ED5CE0098878D /* RxExample */,
				043FBED1216ED5D00098878D /* RxExampleTests */,
				043FBEBB216ED5CE0098878D /* Products */,
				043FBEEE216ED8D50098878D /* Frameworks */,
			);
			sourceTree = "<group>";
		};
		043FBEBB216ED5CE0098878D /* Products */ = {
			isa = PBXGroup;
			children = (
				043FBEBA216ED5CE0098878D /* RxExample.app */,
				043FBECE216ED5D00098878D /* RxExampleTests.xctest */,
			);
			name = Products;
			sourceTree = "<group>";
		};
		043FBEBC216ED5CE0098878D /* RxExample */ = {
			isa = PBXGroup;
			children = (
				043FBEE3216ED6890098878D /* Applications */,
				043FBEE2216ED6880098878D /* Domain */,
				043FBEE1216ED6860098878D /* Controllers */,
				043FBEE0216ED6840098878D /* Views */,
				043FBEDF216ED6830098878D /* Infrastructures */,
				043FBEDE216ED6800098878D /* Utilities */,
				043FBEDD216ED67F0098878D /* Resources */,
			);
			path = RxExample;
			sourceTree = "<group>";
		};
		043FBED1216ED5D00098878D /* RxExampleTests */ = {
			isa = PBXGroup;
			children = (
				043FBF27216F28780098878D /* Repositories */,
				043FBED4216ED5D00098878D /* Info.plist */,
			);
			path = RxExampleTests;
			sourceTree = "<group>";
		};
		043FBEDD216ED67F0098878D /* Resources */ = {
			isa = PBXGroup;
			children = (
				0487A2D521756C1F004F2FEB /* Configuration */,
				043FBEC4216ED5D00098878D /* Assets.xcassets */,
				043FBEC6216ED5D00098878D /* LaunchScreen.storyboard */,
				048DE6D521704200009F0CB7 /* R.generated.swift */,
				0487A2D821756CBE004F2FEB /* Configuration.swift */,
			);
			path = Resources;
			sourceTree = "<group>";
		};
		043FBEDE216ED6800098878D /* Utilities */ = {
			isa = PBXGroup;
			children = (
				043FBF0A216F0B680098878D /* Managers */,
				043FBEE9216ED6F70098878D /* Extensions */,
			);
			path = Utilities;
			sourceTree = "<group>";
		};
		043FBEDF216ED6830098878D /* Infrastructures */ = {
			isa = PBXGroup;
			children = (
				043FBF23216F1F8D0098878D /* Endpoints */,
				043FBEE8216ED6DB0098878D /* Entities */,
				043FBEE4216ED6B30098878D /* Repositories */,
			);
			path = Infrastructures;
			sourceTree = "<group>";
		};
		043FBEE0216ED6840098878D /* Views */ = {
			isa = PBXGroup;
			children = (
				043FBEE6216ED6C80098878D /* CustomViews */,
				043FBEE5216ED6C50098878D /* CustomCells */,
			);
			path = Views;
			sourceTree = "<group>";
		};
		043FBEE1216ED6860098878D /* Controllers */ = {
			isa = PBXGroup;
			children = (
				043FBEE7216ED6D50098878D /* Common */,
				043FBF05216EEA400098878D /* GitHub */,
			);
			path = Controllers;
			sourceTree = "<group>";
		};
		043FBEE2216ED6880098878D /* Domain */ = {
			isa = PBXGroup;
			children = (
				043FBF1B216F12DB0098878D /* Models */,
				043FBF1C216F12E50098878D /* UseCases */,
				043FBF1D216F12F70098878D /* ViewModels */,
				04D9C3A3217418F2002E7CA6 /* SectionModels */,
			);
			path = Domain;
			sourceTree = "<group>";
		};
		043FBEE3216ED6890098878D /* Applications */ = {
			isa = PBXGroup;
			children = (
				043FBEBD216ED5CE0098878D /* AppDelegate.swift */,
				043FBEC9216ED5D00098878D /* Info.plist */,
				043FBEEA216ED7390098878D /* rswift */,
			);
			path = Applications;
			sourceTree = "<group>";
		};
		043FBEE4216ED6B30098878D /* Repositories */ = {
			isa = PBXGroup;
			children = (
				043FBF16216F0F750098878D /* GitHubAPI */,
			);
			path = Repositories;
			sourceTree = "<group>";
		};
		043FBEE5216ED6C50098878D /* CustomCells */ = {
			isa = PBXGroup;
			children = (
				04D9C3A1217416BF002E7CA6 /* GitHubRepositoryItemCell.xib */,
				04D9C39F2174168B002E7CA6 /* GitHubRepositoryItemCell.swift */,
				04D9C3AE217485A7002E7CA6 /* LoadingCell.xib */,
				04D9C3B0217485AF002E7CA6 /* LoadingCell.swift */,
			);
			path = CustomCells;
			sourceTree = "<group>";
		};
		043FBEE6216ED6C80098878D /* CustomViews */ = {
			isa = PBXGroup;
			children = (
			);
			path = CustomViews;
			sourceTree = "<group>";
		};
		043FBEE7216ED6D50098878D /* Common */ = {
			isa = PBXGroup;
			children = (
				043FBF01216EE9600098878D /* MainNavigation.storyboard */,
				043FBF03216EE9BD0098878D /* MainNavigationController.swift */,
				048DE6DC21706434009F0CB7 /* MainTabBar.storyboard */,
				048DE6DA21706401009F0CB7 /* MainTabBarController.swift */,
			);
			path = Common;
			sourceTree = "<group>";
		};
		043FBEE8216ED6DB0098878D /* Entities */ = {
			isa = PBXGroup;
			children = (
				043FBF0F216F0D7F0098878D /* GitHubAPI */,
			);
			path = Entities;
			sourceTree = "<group>";
		};
		043FBEE9216ED6F70098878D /* Extensions */ = {
			isa = PBXGroup;
			children = (
				048DE6C921702D61009F0CB7 /* Encodable+.swift */,
				04D9C3A6217458E0002E7CA6 /* UIImageView+.swift */,
				04D9C3AA2174650A002E7CA6 /* Int+.swift */,
				04D9C3AC21746E84002E7CA6 /* Date+.swift */,
			);
			path = Extensions;
			sourceTree = "<group>";
		};
		043FBEEE216ED8D50098878D /* Frameworks */ = {
			isa = PBXGroup;
			children = (
				04B35AF221740B9800928918 /* Differentiator.framework */,
				048DE6DF21706D48009F0CB7 /* RxDataSources.framework */,
				043FBF30216F29CF0098878D /* Nimble.framework */,
				043FBF31216F29CF0098878D /* Quick.framework */,
				043FBEF4216ED8D50098878D /* Alamofire.framework */,
				043FBEF1216ED8D50098878D /* AlamofireImage.framework */,
				043FBEEF216ED8D50098878D /* Moya.framework */,
				043FBEF5216ED8D50098878D /* Result.framework */,
				043FBEF6216ED8D50098878D /* Rswift.framework */,
				043FBEF3216ED8D50098878D /* RxCocoa.framework */,
				043FBEF2216ED8D50098878D /* RxMoya.framework */,
				043FBEF0216ED8D50098878D /* RxSwift.framework */,
			);
			name = Frameworks;
			sourceTree = "<group>";
		};
		043FBF05216EEA400098878D /* GitHub */ = {
			isa = PBXGroup;
			children = (
				048DE6DE21706488009F0CB7 /* Search */,
			);
			path = GitHub;
			sourceTree = "<group>";
		};
		043FBF0A216F0B680098878D /* Managers */ = {
			isa = PBXGroup;
			children = (
				043FBF0B216F0B770098878D /* APIClientManager.swift */,
			);
			path = Managers;
			sourceTree = "<group>";
		};
		043FBF0F216F0D7F0098878D /* GitHubAPI */ = {
			isa = PBXGroup;
			children = (
				043FBF11216F0D900098878D /* Search */,
			);
			path = GitHubAPI;
			sourceTree = "<group>";
		};
		043FBF11216F0D900098878D /* Search */ = {
			isa = PBXGroup;
			children = (
				043FBF21216F13750098878D /* GitHubSearchParameter.swift */,
			);
			name = Search;
			path = Search/Search;
			sourceTree = "<group>";
		};
		043FBF16216F0F750098878D /* GitHubAPI */ = {
			isa = PBXGroup;
			children = (
				043FBF19216F0FB90098878D /* GitHubSearchRepository.swift */,
			);
			path = GitHubAPI;
			sourceTree = "<group>";
		};
		043FBF1B216F12DB0098878D /* Models */ = {
			isa = PBXGroup;
			children = (
				043FBF1F216F13540098878D /* GitHub */,
			);
			path = Models;
			sourceTree = "<group>";
		};
		043FBF1C216F12E50098878D /* UseCases */ = {
			isa = PBXGroup;
			children = (
				048DE6CB21702E71009F0CB7 /* GitHubAPI */,
			);
			path = UseCases;
			sourceTree = "<group>";
		};
		043FBF1D216F12F70098878D /* ViewModels */ = {
			isa = PBXGroup;
			children = (
				048DE6D72170445D009F0CB7 /* GitHub */,
				048DE6CF21703863009F0CB7 /* ViewModelProtocol.swift */,
			);
			path = ViewModels;
			sourceTree = "<group>";
		};
		043FBF1F216F13540098878D /* GitHub */ = {
			isa = PBXGroup;
			children = (
				043FBF20216F135A0098878D /* Search */,
			);
			path = GitHub;
			sourceTree = "<group>";
		};
		043FBF20216F135A0098878D /* Search */ = {
			isa = PBXGroup;
			children = (
				043FBF0D216F0C0E0098878D /* GitHubSearchResult.swift */,
				043FBF12216F0DA40098878D /* GitHubSearchItem.swift */,
				043FBF14216F0DCF0098878D /* GitHubSearchItemOwner.swift */,
			);
			path = Search;
			sourceTree = "<group>";
		};
		043FBF23216F1F8D0098878D /* Endpoints */ = {
			isa = PBXGroup;
			children = (
				043FBF24216F1FA60098878D /* GitHubAPIEndpoints.swift */,
			);
			path = Endpoints;
			sourceTree = "<group>";
		};
		043FBF27216F28780098878D /* Repositories */ = {
			isa = PBXGroup;
			children = (
				043FBF28216F28850098878D /* GitHub */,
			);
			path = Repositories;
			sourceTree = "<group>";
		};
		043FBF28216F28850098878D /* GitHub */ = {
			isa = PBXGroup;
			children = (
				043FBF2E216F291F0098878D /* GitHubSearchRepositorySpec.swift */,
			);
			path = GitHub;
			sourceTree = "<group>";
		};
		0487A2D521756C1F004F2FEB /* Configuration */ = {
			isa = PBXGroup;
			children = (
				0487A2D621756C3B004F2FEB /* debug.plist */,
			);
			path = Configuration;
			sourceTree = "<group>";
		};
		048DE6CB21702E71009F0CB7 /* GitHubAPI */ = {
			isa = PBXGroup;
			children = (
				048DE6CC21702E77009F0CB7 /* Search */,
			);
			path = GitHubAPI;
			sourceTree = "<group>";
		};
		048DE6CC21702E77009F0CB7 /* Search */ = {
			isa = PBXGroup;
			children = (
				048DE6CD21702E89009F0CB7 /* GitHubSearchUseCase.swift */,
			);
			path = Search;
			sourceTree = "<group>";
		};
		048DE6D72170445D009F0CB7 /* GitHub */ = {
			isa = PBXGroup;
			children = (
				048DE6D821704493009F0CB7 /* GitHubSearchRepositoriesViewModel.swift */,
			);
			path = GitHub;
			sourceTree = "<group>";
		};
		048DE6DE21706488009F0CB7 /* Search */ = {
			isa = PBXGroup;
			children = (
				043FBF08216EEBAC0098878D /* GitHubRepository.storyboard */,
				048DE6D321704117009F0CB7 /* GitHubRepositoriesViewController.swift */,
			);
			path = Search;
			sourceTree = "<group>";
		};
		04D9C3A3217418F2002E7CA6 /* SectionModels */ = {
			isa = PBXGroup;
			children = (
				04D9C3A42174191B002E7CA6 /* GitHubRepositoriesSectionModel.swift */,
			);
			path = SectionModels;
			sourceTree = "<group>";
		};
/* End PBXGroup section */

/* Begin PBXNativeTarget section */
		043FBEB9216ED5CE0098878D /* RxExample */ = {
			isa = PBXNativeTarget;
			buildConfigurationList = 043FBED7216ED5D00098878D /* Build configuration list for PBXNativeTarget "RxExample" */;
			buildPhases = (
				043FBEED216ED7890098878D /* Rswift */,
				043FBEB6216ED5CE0098878D /* Sources */,
				043FBEB7216ED5CE0098878D /* Frameworks */,
				043FBEB8216ED5CE0098878D /* Resources */,
				043FBEEC216ED74A0098878D /* Carthage */,
			);
			buildRules = (
			);
			dependencies = (
			);
			name = RxExample;
			productName = RxExample;
			productReference = 043FBEBA216ED5CE0098878D /* RxExample.app */;
			productType = "com.apple.product-type.application";
		};
		043FBECD216ED5D00098878D /* RxExampleTests */ = {
			isa = PBXNativeTarget;
			buildConfigurationList = 043FBEDA216ED5D00098878D /* Build configuration list for PBXNativeTarget "RxExampleTests" */;
			buildPhases = (
				043FBECA216ED5D00098878D /* Sources */,
				043FBECB216ED5D00098878D /* Frameworks */,
				043FBECC216ED5D00098878D /* Resources */,
				043FBF26216F282C0098878D /* Carthage */,
			);
			buildRules = (
			);
			dependencies = (
				043FBED0216ED5D00098878D /* PBXTargetDependency */,
			);
			name = RxExampleTests;
			productName = RxExampleTests;
			productReference = 043FBECE216ED5D00098878D /* RxExampleTests.xctest */;
			productType = "com.apple.product-type.bundle.unit-test";
		};
/* End PBXNativeTarget section */

/* Begin PBXProject section */
		043FBEB2216ED5CE0098878D /* Project object */ = {
			isa = PBXProject;
			attributes = {
				LastSwiftUpdateCheck = 1000;
				LastUpgradeCheck = 1000;
				ORGANIZATIONNAME = "i-enter";
				TargetAttributes = {
					043FBEB9216ED5CE0098878D = {
						CreatedOnToolsVersion = 10.0;
					};
					043FBECD216ED5D00098878D = {
						CreatedOnToolsVersion = 10.0;
						LastSwiftMigration = 1000;
						TestTargetID = 043FBEB9216ED5CE0098878D;
					};
				};
			};
			buildConfigurationList = 043FBEB5216ED5CE0098878D /* Build configuration list for PBXProject "RxExample" */;
			compatibilityVersion = "Xcode 9.3";
			developmentRegion = en;
			hasScannedForEncodings = 0;
			knownRegions = (
				en,
				Base,
			);
			mainGroup = 043FBEB1216ED5CE0098878D;
			productRefGroup = 043FBEBB216ED5CE0098878D /* Products */;
			projectDirPath = "";
			projectRoot = "";
			targets = (
				043FBEB9216ED5CE0098878D /* RxExample */,
				043FBECD216ED5D00098878D /* RxExampleTests */,
			);
		};
/* End PBXProject section */

/* Begin PBXResourcesBuildPhase section */
		043FBEB8216ED5CE0098878D /* Resources */ = {
			isa = PBXResourcesBuildPhase;
			buildActionMask = 2147483647;
			files = (
				043FBEC8216ED5D00098878D /* LaunchScreen.storyboard in Resources */,
				0487A2D721756C3B004F2FEB /* debug.plist in Resources */,
				043FBF09216EEBAC0098878D /* GitHubRepository.storyboard in Resources */,
				043FBEEB216ED7390098878D /* rswift in Resources */,
				04D9C3A2217416BF002E7CA6 /* GitHubRepositoryItemCell.xib in Resources */,
				048DE6DD21706434009F0CB7 /* MainTabBar.storyboard in Resources */,
				043FBEC5216ED5D00098878D /* Assets.xcassets in Resources */,
				04D9C3AF217485A7002E7CA6 /* LoadingCell.xib in Resources */,
				043FBF02216EE9600098878D /* MainNavigation.storyboard in Resources */,
			);
			runOnlyForDeploymentPostprocessing = 0;
		};
		043FBECC216ED5D00098878D /* Resources */ = {
			isa = PBXResourcesBuildPhase;
			buildActionMask = 2147483647;
			files = (
			);
			runOnlyForDeploymentPostprocessing = 0;
		};
/* End PBXResourcesBuildPhase section */

/* Begin PBXShellScriptBuildPhase section */
		043FBEEC216ED74A0098878D /* Carthage */ = {
			isa = PBXShellScriptBuildPhase;
			buildActionMask = 2147483647;
			files = (
			);
			inputFileListPaths = (
			);
			inputPaths = (
				"$(SRCROOT)/Carthage/Build/iOS/RxSwift.framework",
				"$(SRCROOT)/Carthage/Build/iOS/RxCocoa.framework",
				"$(SRCROOT)/Carthage/Build/iOS/Alamofire.framework",
				"$(SRCROOT)/Carthage/Build/iOS/Moya.framework",
				"$(SRCROOT)/Carthage/Build/iOS/Result.framework",
				"$(SRCROOT)/Carthage/Build/iOS/RxMoya.framework",
				"$(SRCROOT)/Carthage/Build/iOS/Rswift.framework",
				"$(SRCROOT)/Carthage/Build/iOS/AlamofireImage.framework",
				"$(SRCROOT)/Carthage/Build/iOS/RxDataSources.framework",
				"$(SRCROOT)/Carthage/Build/iOS/Differentiator.framework",
			);
			name = Carthage;
			outputFileListPaths = (
			);
			outputPaths = (
			);
			runOnlyForDeploymentPostprocessing = 0;
			shellPath = /bin/sh;
			shellScript = "/usr/local/bin/carthage copy-frameworks\n";
		};
		043FBEED216ED7890098878D /* Rswift */ = {
			isa = PBXShellScriptBuildPhase;
			buildActionMask = 2147483647;
			files = (
			);
			inputFileListPaths = (
			);
			inputPaths = (
			);
			name = Rswift;
			outputFileListPaths = (
			);
			outputPaths = (
			);
			runOnlyForDeploymentPostprocessing = 0;
			shellPath = /bin/sh;
			shellScript = "\"$SRCROOT/RxExample/Applications/rswift\" \"generate\" \"$SRCROOT\"\n";
		};
		043FBF26216F282C0098878D /* Carthage */ = {
			isa = PBXShellScriptBuildPhase;
			buildActionMask = 2147483647;
			files = (
			);
			inputFileListPaths = (
			);
			inputPaths = (
				"$(SRCROOT)/Carthage/Build/iOS/Quick.framework",
				"$(SRCROOT)/Carthage/Build/iOS/Nimble.framework",
			);
			name = Carthage;
			outputFileListPaths = (
			);
			outputPaths = (
			);
			runOnlyForDeploymentPostprocessing = 0;
			shellPath = /bin/sh;
			shellScript = "/usr/local/bin/carthage copy-frameworks\n";
		};
/* End PBXShellScriptBuildPhase section */

/* Begin PBXSourcesBuildPhase section */
		043FBEB6216ED5CE0098878D /* Sources */ = {
			isa = PBXSourcesBuildPhase;
			buildActionMask = 2147483647;
			files = (
				04D9C3AD21746E84002E7CA6 /* Date+.swift in Sources */,
				043FBF22216F13750098878D /* GitHubSearchParameter.swift in Sources */,
				043FBF0C216F0B770098878D /* APIClientManager.swift in Sources */,
				048DE6D621704200009F0CB7 /* R.generated.swift in Sources */,
				043FBF15216F0DCF0098878D /* GitHubSearchItemOwner.swift in Sources */,
				048DE6CA21702D61009F0CB7 /* Encodable+.swift in Sources */,
				048DE6D021703863009F0CB7 /* ViewModelProtocol.swift in Sources */,
				043FBF0E216F0C0E0098878D /* GitHubSearchResult.swift in Sources */,
				04D9C3AB2174650A002E7CA6 /* Int+.swift in Sources */,
				04D9C3A7217458E0002E7CA6 /* UIImageView+.swift in Sources */,
				04D9C3A02174168B002E7CA6 /* GitHubRepositoryItemCell.swift in Sources */,
				048DE6D421704117009F0CB7 /* GitHubRepositoriesViewController.swift in Sources */,
				043FBF13216F0DA40098878D /* GitHubSearchItem.swift in Sources */,
				043FBEBE216ED5CE0098878D /* AppDelegate.swift in Sources */,
				04D9C3B1217485AF002E7CA6 /* LoadingCell.swift in Sources */,
				048DE6DB21706401009F0CB7 /* MainTabBarController.swift in Sources */,
				04D9C3A52174191B002E7CA6 /* GitHubRepositoriesSectionModel.swift in Sources */,
				043FBF04216EE9BD0098878D /* MainNavigationController.swift in Sources */,
				043FBF25216F1FA60098878D /* GitHubAPIEndpoints.swift in Sources */,
				048DE6CE21702E89009F0CB7 /* GitHubSearchUseCase.swift in Sources */,
				0487A2D921756CBE004F2FEB /* Configuration.swift in Sources */,
				043FBF1A216F0FB90098878D /* GitHubSearchRepository.swift in Sources */,
				048DE6D921704493009F0CB7 /* GitHubSearchRepositoriesViewModel.swift in Sources */,
			);
			runOnlyForDeploymentPostprocessing = 0;
		};
		043FBECA216ED5D00098878D /* Sources */ = {
			isa = PBXSourcesBuildPhase;
			buildActionMask = 2147483647;
			files = (
				043FBF2F216F291F0098878D /* GitHubSearchRepositorySpec.swift in Sources */,
			);
			runOnlyForDeploymentPostprocessing = 0;
		};
/* End PBXSourcesBuildPhase section */

/* Begin PBXTargetDependency section */
		043FBED0216ED5D00098878D /* PBXTargetDependency */ = {
			isa = PBXTargetDependency;
			target = 043FBEB9216ED5CE0098878D /* RxExample */;
			targetProxy = 043FBECF216ED5D00098878D /* PBXContainerItemProxy */;
		};
/* End PBXTargetDependency section */

/* Begin PBXVariantGroup section */
		043FBEC6216ED5D00098878D /* LaunchScreen.storyboard */ = {
			isa = PBXVariantGroup;
			children = (
				043FBEC7216ED5D00098878D /* Base */,
			);
			name = LaunchScreen.storyboard;
			sourceTree = "<group>";
		};
/* End PBXVariantGroup section */

/* Begin XCBuildConfiguration section */
		043FBED5216ED5D00098878D /* Debug */ = {
			isa = XCBuildConfiguration;
			buildSettings = {
				ALWAYS_SEARCH_USER_PATHS = NO;
				CLANG_ANALYZER_NONNULL = YES;
				CLANG_ANALYZER_NUMBER_OBJECT_CONVERSION = YES_AGGRESSIVE;
				CLANG_CXX_LANGUAGE_STANDARD = "gnu++14";
				CLANG_CXX_LIBRARY = "libc++";
				CLANG_ENABLE_MODULES = YES;
				CLANG_ENABLE_OBJC_ARC = YES;
				CLANG_ENABLE_OBJC_WEAK = YES;
				CLANG_WARN_BLOCK_CAPTURE_AUTORELEASING = YES;
				CLANG_WARN_BOOL_CONVERSION = YES;
				CLANG_WARN_COMMA = YES;
				CLANG_WARN_CONSTANT_CONVERSION = YES;
				CLANG_WARN_DEPRECATED_OBJC_IMPLEMENTATIONS = YES;
				CLANG_WARN_DIRECT_OBJC_ISA_USAGE = YES_ERROR;
				CLANG_WARN_DOCUMENTATION_COMMENTS = YES;
				CLANG_WARN_EMPTY_BODY = YES;
				CLANG_WARN_ENUM_CONVERSION = YES;
				CLANG_WARN_INFINITE_RECURSION = YES;
				CLANG_WARN_INT_CONVERSION = YES;
				CLANG_WARN_NON_LITERAL_NULL_CONVERSION = YES;
				CLANG_WARN_OBJC_IMPLICIT_RETAIN_SELF = YES;
				CLANG_WARN_OBJC_LITERAL_CONVERSION = YES;
				CLANG_WARN_OBJC_ROOT_CLASS = YES_ERROR;
				CLANG_WARN_RANGE_LOOP_ANALYSIS = YES;
				CLANG_WARN_STRICT_PROTOTYPES = YES;
				CLANG_WARN_SUSPICIOUS_MOVE = YES;
				CLANG_WARN_UNGUARDED_AVAILABILITY = YES_AGGRESSIVE;
				CLANG_WARN_UNREACHABLE_CODE = YES;
				CLANG_WARN__DUPLICATE_METHOD_MATCH = YES;
				CODE_SIGN_IDENTITY = "iPhone Developer";
				COPY_PHASE_STRIP = NO;
				DEBUG_INFORMATION_FORMAT = dwarf;
				ENABLE_STRICT_OBJC_MSGSEND = YES;
				ENABLE_TESTABILITY = YES;
				GCC_C_LANGUAGE_STANDARD = gnu11;
				GCC_DYNAMIC_NO_PIC = NO;
				GCC_NO_COMMON_BLOCKS = YES;
				GCC_OPTIMIZATION_LEVEL = 0;
				GCC_PREPROCESSOR_DEFINITIONS = (
					"DEBUG=1",
					"$(inherited)",
				);
				GCC_WARN_64_TO_32_BIT_CONVERSION = YES;
				GCC_WARN_ABOUT_RETURN_TYPE = YES_ERROR;
				GCC_WARN_UNDECLARED_SELECTOR = YES;
				GCC_WARN_UNINITIALIZED_AUTOS = YES_AGGRESSIVE;
				GCC_WARN_UNUSED_FUNCTION = YES;
				GCC_WARN_UNUSED_VARIABLE = YES;
				IPHONEOS_DEPLOYMENT_TARGET = 12.0;
				MTL_ENABLE_DEBUG_INFO = INCLUDE_SOURCE;
				MTL_FAST_MATH = YES;
				ONLY_ACTIVE_ARCH = YES;
				SDKROOT = iphoneos;
				SWIFT_ACTIVE_COMPILATION_CONDITIONS = DEBUG;
				SWIFT_OPTIMIZATION_LEVEL = "-Onone";
			};
			name = Debug;
		};
		043FBED6216ED5D00098878D /* Release */ = {
			isa = XCBuildConfiguration;
			buildSettings = {
				ALWAYS_SEARCH_USER_PATHS = NO;
				CLANG_ANALYZER_NONNULL = YES;
				CLANG_ANALYZER_NUMBER_OBJECT_CONVERSION = YES_AGGRESSIVE;
				CLANG_CXX_LANGUAGE_STANDARD = "gnu++14";
				CLANG_CXX_LIBRARY = "libc++";
				CLANG_ENABLE_MODULES = YES;
				CLANG_ENABLE_OBJC_ARC = YES;
				CLANG_ENABLE_OBJC_WEAK = YES;
				CLANG_WARN_BLOCK_CAPTURE_AUTORELEASING = YES;
				CLANG_WARN_BOOL_CONVERSION = YES;
				CLANG_WARN_COMMA = YES;
				CLANG_WARN_CONSTANT_CONVERSION = YES;
				CLANG_WARN_DEPRECATED_OBJC_IMPLEMENTATIONS = YES;
				CLANG_WARN_DIRECT_OBJC_ISA_USAGE = YES_ERROR;
				CLANG_WARN_DOCUMENTATION_COMMENTS = YES;
				CLANG_WARN_EMPTY_BODY = YES;
				CLANG_WARN_ENUM_CONVERSION = YES;
				CLANG_WARN_INFINITE_RECURSION = YES;
				CLANG_WARN_INT_CONVERSION = YES;
				CLANG_WARN_NON_LITERAL_NULL_CONVERSION = YES;
				CLANG_WARN_OBJC_IMPLICIT_RETAIN_SELF = YES;
				CLANG_WARN_OBJC_LITERAL_CONVERSION = YES;
				CLANG_WARN_OBJC_ROOT_CLASS = YES_ERROR;
				CLANG_WARN_RANGE_LOOP_ANALYSIS = YES;
				CLANG_WARN_STRICT_PROTOTYPES = YES;
				CLANG_WARN_SUSPICIOUS_MOVE = YES;
				CLANG_WARN_UNGUARDED_AVAILABILITY = YES_AGGRESSIVE;
				CLANG_WARN_UNREACHABLE_CODE = YES;
				CLANG_WARN__DUPLICATE_METHOD_MATCH = YES;
				CODE_SIGN_IDENTITY = "iPhone Developer";
				COPY_PHASE_STRIP = NO;
				DEBUG_INFORMATION_FORMAT = "dwarf-with-dsym";
				ENABLE_NS_ASSERTIONS = NO;
				ENABLE_STRICT_OBJC_MSGSEND = YES;
				GCC_C_LANGUAGE_STANDARD = gnu11;
				GCC_NO_COMMON_BLOCKS = YES;
				GCC_WARN_64_TO_32_BIT_CONVERSION = YES;
				GCC_WARN_ABOUT_RETURN_TYPE = YES_ERROR;
				GCC_WARN_UNDECLARED_SELECTOR = YES;
				GCC_WARN_UNINITIALIZED_AUTOS = YES_AGGRESSIVE;
				GCC_WARN_UNUSED_FUNCTION = YES;
				GCC_WARN_UNUSED_VARIABLE = YES;
				IPHONEOS_DEPLOYMENT_TARGET = 12.0;
				MTL_ENABLE_DEBUG_INFO = NO;
				MTL_FAST_MATH = YES;
				SDKROOT = iphoneos;
				SWIFT_COMPILATION_MODE = wholemodule;
				SWIFT_OPTIMIZATION_LEVEL = "-O";
				VALIDATE_PRODUCT = YES;
			};
			name = Release;
		};
		043FBED8216ED5D00098878D /* Debug */ = {
			isa = XCBuildConfiguration;
			buildSettings = {
				ASSETCATALOG_COMPILER_APPICON_NAME = AppIcon;
				CODE_SIGN_STYLE = Manual;
				DEVELOPMENT_TEAM = XLM7K96PXP;
				FRAMEWORK_SEARCH_PATHS = (
					"$(inherited)",
					"$(PROJECT_DIR)/Carthage/Build/iOS",
				);
				INFOPLIST_FILE = RxExample/Applications/Info.plist;
				IPHONEOS_DEPLOYMENT_TARGET = 10.0;
				LD_RUNPATH_SEARCH_PATHS = (
					"$(inherited)",
					"@executable_path/Frameworks",
				);
				PRODUCT_BUNDLE_IDENTIFIER = "jp.i-enter.narakky.RxExample";
				PRODUCT_NAME = "$(TARGET_NAME)";
				PROVISIONING_PROFILE_SPECIFIER = Team_DEV;
				SWIFT_VERSION = 4.2;
				TARGETED_DEVICE_FAMILY = 1;
			};
			name = Debug;
		};
		043FBED9216ED5D00098878D /* Release */ = {
			isa = XCBuildConfiguration;
			buildSettings = {
				ASSETCATALOG_COMPILER_APPICON_NAME = AppIcon;
				CODE_SIGN_STYLE = Manual;
				DEVELOPMENT_TEAM = "";
				FRAMEWORK_SEARCH_PATHS = (
					"$(inherited)",
					"$(PROJECT_DIR)/Carthage/Build/iOS",
				);
				INFOPLIST_FILE = RxExample/Applications/Info.plist;
				IPHONEOS_DEPLOYMENT_TARGET = 10.0;
				LD_RUNPATH_SEARCH_PATHS = (
					"$(inherited)",
					"@executable_path/Frameworks",
				);
				PRODUCT_BUNDLE_IDENTIFIER = "jp.i-enter.narakky.RxExample";
				PRODUCT_NAME = "$(TARGET_NAME)";
				PROVISIONING_PROFILE_SPECIFIER = "";
				SWIFT_VERSION = 4.2;
				TARGETED_DEVICE_FAMILY = 1;
			};
			name = Release;
		};
		043FBEDB216ED5D00098878D /* Debug */ = {
			isa = XCBuildConfiguration;
			buildSettings = {
				ALWAYS_EMBED_SWIFT_STANDARD_LIBRARIES = YES;
				BUNDLE_LOADER = "$(TEST_HOST)";
				CLANG_ENABLE_MODULES = YES;
				CODE_SIGN_STYLE = Manual;
				DEVELOPMENT_TEAM = XLM7K96PXP;
				FRAMEWORK_SEARCH_PATHS = (
					"$(inherited)",
					"$(PROJECT_DIR)/Carthage/Build/iOS",
				);
				INFOPLIST_FILE = RxExampleTests/Info.plist;
				LD_RUNPATH_SEARCH_PATHS = (
					"$(inherited)",
					"@executable_path/Frameworks",
					"@loader_path/Frameworks",
				);
				PRODUCT_BUNDLE_IDENTIFIER = "jp.i-enter.narakky.RxExampleTests";
				PRODUCT_NAME = "$(TARGET_NAME)";
				PROVISIONING_PROFILE_SPECIFIER = "";
				SWIFT_OPTIMIZATION_LEVEL = "-Onone";
				SWIFT_VERSION = 4.2;
				TARGETED_DEVICE_FAMILY = "1,2";
				TEST_HOST = "$(BUILT_PRODUCTS_DIR)/RxExample.app/RxExample";
			};
			name = Debug;
		};
		043FBEDC216ED5D00098878D /* Release */ = {
			isa = XCBuildConfiguration;
			buildSettings = {
				ALWAYS_EMBED_SWIFT_STANDARD_LIBRARIES = YES;
				BUNDLE_LOADER = "$(TEST_HOST)";
				CLANG_ENABLE_MODULES = YES;
				CODE_SIGN_STYLE = Manual;
				DEVELOPMENT_TEAM = "";
				FRAMEWORK_SEARCH_PATHS = (
					"$(inherited)",
					"$(PROJECT_DIR)/Carthage/Build/iOS",
				);
				INFOPLIST_FILE = RxExampleTests/Info.plist;
				LD_RUNPATH_SEARCH_PATHS = (
					"$(inherited)",
					"@executable_path/Frameworks",
					"@loader_path/Frameworks",
				);
				PRODUCT_BUNDLE_IDENTIFIER = "jp.i-enter.narakky.RxExampleTests";
				PRODUCT_NAME = "$(TARGET_NAME)";
				PROVISIONING_PROFILE_SPECIFIER = "";
				SWIFT_VERSION = 4.2;
				TARGETED_DEVICE_FAMILY = "1,2";
				TEST_HOST = "$(BUILT_PRODUCTS_DIR)/RxExample.app/RxExample";
			};
			name = Release;
		};
/* End XCBuildConfiguration section */

/* Begin XCConfigurationList section */
		043FBEB5216ED5CE0098878D /* Build configuration list for PBXProject "RxExample" */ = {
			isa = XCConfigurationList;
			buildConfigurations = (
				043FBED5216ED5D00098878D /* Debug */,
				043FBED6216ED5D00098878D /* Release */,
			);
			defaultConfigurationIsVisible = 0;
			defaultConfigurationName = Release;
		};
		043FBED7216ED5D00098878D /* Build configuration list for PBXNativeTarget "RxExample" */ = {
			isa = XCConfigurationList;
			buildConfigurations = (
				043FBED8216ED5D00098878D /* Debug */,
				043FBED9216ED5D00098878D /* Release */,
			);
			defaultConfigurationIsVisible = 0;
			defaultConfigurationName = Release;
		};
		043FBEDA216ED5D00098878D /* Build configuration list for PBXNativeTarget "RxExampleTests" */ = {
			isa = XCConfigurationList;
			buildConfigurations = (
				043FBEDB216ED5D00098878D /* Debug */,
				043FBEDC216ED5D00098878D /* Release */,
			);
			defaultConfigurationIsVisible = 0;
			defaultConfigurationName = Release;
		};
/* End XCConfigurationList section */
	};
	rootObject = 043FBEB2216ED5CE0098878D /* Project object */;
}
